// !$*UTF8*$!
{
	archiveVersion = 1;
	classes = {
	};
	objectVersion = 48;
	objects = {

/* Begin PBXBuildFile section */
		FA98BA211F723A1D00671D7E /* AppDelegate.swift in Sources */ = {isa = PBXBuildFile; fileRef = FA98BA201F723A1D00671D7E /* AppDelegate.swift */; };
		FA98BA231F723A1D00671D7E /* ViewController.swift in Sources */ = {isa = PBXBuildFile; fileRef = FA98BA221F723A1D00671D7E /* ViewController.swift */; };
		FA98BA261F723A1D00671D7E /* Main.storyboard in Resources */ = {isa = PBXBuildFile; fileRef = FA98BA241F723A1D00671D7E /* Main.storyboard */; };
		FA98BA281F723A1D00671D7E /* Assets.xcassets in Resources */ = {isa = PBXBuildFile; fileRef = FA98BA271F723A1D00671D7E /* Assets.xcassets */; };
		FA98BA2B1F723A1D00671D7E /* LaunchScreen.storyboard in Resources */ = {isa = PBXBuildFile; fileRef = FA98BA291F723A1D00671D7E /* LaunchScreen.storyboard */; };
		FA98BA361F723A1D00671D7E /* ExampleTests.swift in Sources */ = {isa = PBXBuildFile; fileRef = FA98BA351F723A1D00671D7E /* ExampleTests.swift */; };
		FA98BA411F723A3900671D7E /* Rendezvous.framework in Frameworks */ = {isa = PBXBuildFile; fileRef = FA98BA421F723A3900671D7E /* Rendezvous.framework */; };
/* End PBXBuildFile section */

/* Begin PBXContainerItemProxy section */
		FA98BA321F723A1D00671D7E /* PBXContainerItemProxy */ = {
			isa = PBXContainerItemProxy;
			containerPortal = FA98BA151F723A1D00671D7E /* Project object */;
			proxyType = 1;
			remoteGlobalIDString = FA98BA1C1F723A1D00671D7E;
			remoteInfo = Example;
		};
/* End PBXContainerItemProxy section */

/* Begin PBXFileReference section */
		FA98BA1D1F723A1D00671D7E /* Example.app */ = {isa = PBXFileReference; explicitFileType = wrapper.application; includeInIndex = 0; path = Example.app; sourceTree = BUILT_PRODUCTS_DIR; };
		FA98BA201F723A1D00671D7E /* AppDelegate.swift */ = {isa = PBXFileReference; lastKnownFileType = sourcecode.swift; path = AppDelegate.swift; sourceTree = "<group>"; };
		FA98BA221F723A1D00671D7E /* ViewController.swift */ = {isa = PBXFileReference; lastKnownFileType = sourcecode.swift; path = ViewController.swift; sourceTree = "<group>"; };
		FA98BA251F723A1D00671D7E /* Base */ = {isa = PBXFileReference; lastKnownFileType = file.storyboard; name = Base; path = Base.lproj/Main.storyboard; sourceTree = "<group>"; };
		FA98BA271F723A1D00671D7E /* Assets.xcassets */ = {isa = PBXFileReference; lastKnownFileType = folder.assetcatalog; path = Assets.xcassets; sourceTree = "<group>"; };
		FA98BA2A1F723A1D00671D7E /* Base */ = {isa = PBXFileReference; lastKnownFileType = file.storyboard; name = Base; path = Base.lproj/LaunchScreen.storyboard; sourceTree = "<group>"; };
		FA98BA2C1F723A1D00671D7E /* Info.plist */ = {isa = PBXFileReference; lastKnownFileType = text.plist.xml; path = Info.plist; sourceTree = "<group>"; };
		FA98BA311F723A1D00671D7E /* ExampleTests.xctest */ = {isa = PBXFileReference; explicitFileType = wrapper.cfbundle; includeInIndex = 0; path = ExampleTests.xctest; sourceTree = BUILT_PRODUCTS_DIR; };
		FA98BA351F723A1D00671D7E /* ExampleTests.swift */ = {isa = PBXFileReference; lastKnownFileType = sourcecode.swift; path = ExampleTests.swift; sourceTree = "<group>"; };
		FA98BA371F723A1D00671D7E /* Info.plist */ = {isa = PBXFileReference; lastKnownFileType = text.plist.xml; path = Info.plist; sourceTree = "<group>"; };
		FA98BA421F723A3900671D7E /* Rendezvous.framework */ = {isa = PBXFileReference; explicitFileType = wrapper.framework; path = Rendezvous.framework; sourceTree = BUILT_PRODUCTS_DIR; };
/* End PBXFileReference section */

/* Begin PBXFrameworksBuildPhase section */
		FA98BA1A1F723A1D00671D7E /* Frameworks */ = {
			isa = PBXFrameworksBuildPhase;
			buildActionMask = 2147483647;
			files = (
				FA98BA411F723A3900671D7E /* Rendezvous.framework in Frameworks */,
			);
			runOnlyForDeploymentPostprocessing = 0;
		};
		FA98BA2E1F723A1D00671D7E /* Frameworks */ = {
			isa = PBXFrameworksBuildPhase;
			buildActionMask = 2147483647;
			files = (
			);
			runOnlyForDeploymentPostprocessing = 0;
		};
/* End PBXFrameworksBuildPhase section */

/* Begin PBXGroup section */
		FA98BA141F723A1D00671D7E = {
			isa = PBXGroup;
			children = (
				FA98BA1F1F723A1D00671D7E /* Example */,
				FA98BA341F723A1D00671D7E /* ExampleTests */,
				FA98BA1E1F723A1D00671D7E /* Products */,
				FA98BA401F723A3900671D7E /* Frameworks */,
			);
			sourceTree = "<group>";
		};
		FA98BA1E1F723A1D00671D7E /* Products */ = {
			isa = PBXGroup;
			children = (
				FA98BA1D1F723A1D00671D7E /* Example.app */,
				FA98BA311F723A1D00671D7E /* ExampleTests.xctest */,
			);
			name = Products;
			sourceTree = "<group>";
		};
		FA98BA1F1F723A1D00671D7E /* Example */ = {
			isa = PBXGroup;
			children = (
				FA98BA201F723A1D00671D7E /* AppDelegate.swift */,
				FA98BA221F723A1D00671D7E /* ViewController.swift */,
				FA98BA241F723A1D00671D7E /* Main.storyboard */,
				FA98BA271F723A1D00671D7E /* Assets.xcassets */,
				FA98BA291F723A1D00671D7E /* LaunchScreen.storyboard */,
				FA98BA2C1F723A1D00671D7E /* Info.plist */,
			);
			path = Example;
			sourceTree = "<group>";
		};
		FA98BA341F723A1D00671D7E /* ExampleTests */ = {
			isa = PBXGroup;
			children = (
				FA98BA351F723A1D00671D7E /* ExampleTests.swift */,
				FA98BA371F723A1D00671D7E /* Info.plist */,
			);
			path = ExampleTests;
			sourceTree = "<group>";
		};
		FA98BA401F723A3900671D7E /* Frameworks */ = {
			isa = PBXGroup;
			children = (
				FA98BA421F723A3900671D7E /* Rendezvous.framework */,
			);
			name = Frameworks;
			sourceTree = "<group>";
		};
/* End PBXGroup section */

/* Begin PBXNativeTarget section */
		FA98BA1C1F723A1D00671D7E /* Example */ = {
			isa = PBXNativeTarget;
			buildConfigurationList = FA98BA3A1F723A1D00671D7E /* Build configuration list for PBXNativeTarget "Example" */;
			buildPhases = (
				FA98BA191F723A1D00671D7E /* Sources */,
				FA98BA1A1F723A1D00671D7E /* Frameworks */,
				FA98BA1B1F723A1D00671D7E /* Resources */,
			);
			buildRules = (
			);
			dependencies = (
			);
			name = Example;
			productName = Example;
			productReference = FA98BA1D1F723A1D00671D7E /* Example.app */;
			productType = "com.apple.product-type.application";
		};
		FA98BA301F723A1D00671D7E /* ExampleTests */ = {
			isa = PBXNativeTarget;
			buildConfigurationList = FA98BA3D1F723A1D00671D7E /* Build configuration list for PBXNativeTarget "ExampleTests" */;
			buildPhases = (
				FA98BA2D1F723A1D00671D7E /* Sources */,
				FA98BA2E1F723A1D00671D7E /* Frameworks */,
				FA98BA2F1F723A1D00671D7E /* Resources */,
			);
			buildRules = (
			);
			dependencies = (
				FA98BA331F723A1D00671D7E /* PBXTargetDependency */,
			);
			name = ExampleTests;
			productName = ExampleTests;
			productReference = FA98BA311F723A1D00671D7E /* ExampleTests.xctest */;
			productType = "com.apple.product-type.bundle.unit-test";
		};
/* End PBXNativeTarget section */

/* Begin PBXProject section */
		FA98BA151F723A1D00671D7E /* Project object */ = {
			isa = PBXProject;
			attributes = {
				LastSwiftUpdateCheck = 0900;
				LastUpgradeCheck = 0900;
				ORGANIZATIONNAME = fumikoi;
				TargetAttributes = {
					FA98BA1C1F723A1D00671D7E = {
						CreatedOnToolsVersion = 9.0;
						ProvisioningStyle = Automatic;
					};
					FA98BA301F723A1D00671D7E = {
						CreatedOnToolsVersion = 9.0;
						ProvisioningStyle = Automatic;
						TestTargetID = FA98BA1C1F723A1D00671D7E;
					};
				};
			};
			buildConfigurationList = FA98BA181F723A1D00671D7E /* Build configuration list for PBXProject "Example" */;
			compatibilityVersion = "Xcode 8.0";
			developmentRegion = en;
			hasScannedForEncodings = 0;
			knownRegions = (
				en,
				Base,
			);
			mainGroup = FA98BA141F723A1D00671D7E;
			productRefGroup = FA98BA1E1F723A1D00671D7E /* Products */;
			projectDirPath = "";
			projectRoot = "";
			targets = (
				FA98BA1C1F723A1D00671D7E /* Example */,
				FA98BA301F723A1D00671D7E /* ExampleTests */,
			);
		};
/* End PBXProject section */

/* Begin PBXResourcesBuildPhase section */
		FA98BA1B1F723A1D00671D7E /* Resources */ = {
			isa = PBXResourcesBuildPhase;
			buildActionMask = 2147483647;
			files = (
				FA98BA2B1F723A1D00671D7E /* LaunchScreen.storyboard in Resources */,
				FA98BA281F723A1D00671D7E /* Assets.xcassets in Resources */,
				FA98BA261F723A1D00671D7E /* Main.storyboard in Resources */,
			);
			runOnlyForDeploymentPostprocessing = 0;
		};
		FA98BA2F1F723A1D00671D7E /* Resources */ = {
			isa = PBXResourcesBuildPhase;
			buildActionMask = 2147483647;
			files = (
			);
			runOnlyForDeploymentPostprocessing = 0;
		};
/* End PBXResourcesBuildPhase section */

/* Begin PBXSourcesBuildPhase section */
		FA98BA191F723A1D00671D7E /* Sources */ = {
			isa = PBXSourcesBuildPhase;
			buildActionMask = 2147483647;
			files = (
				FA98BA231F723A1D00671D7E /* ViewController.swift in Sources */,
				FA98BA211F723A1D00671D7E /* AppDelegate.swift in Sources */,
			);
			runOnlyForDeploymentPostprocessing = 0;
		};
		FA98BA2D1F723A1D00671D7E /* Sources */ = {
			isa = PBXSourcesBuildPhase;
			buildActionMask = 2147483647;
			files = (
				FA98BA361F723A1D00671D7E /* ExampleTests.swift in Sources */,
			);
			runOnlyForDeploymentPostprocessing = 0;
		};
/* End PBXSourcesBuildPhase section */

/* Begin PBXTargetDependency section */
		FA98BA331F723A1D00671D7E /* PBXTargetDependency */ = {
			isa = PBXTargetDependency;
			target = FA98BA1C1F723A1D00671D7E /* Example */;
			targetProxy = FA98BA321F723A1D00671D7E /* PBXContainerItemProxy */;
		};
/* End PBXTargetDependency section */

/* Begin PBXVariantGroup section */
		FA98BA241F723A1D00671D7E /* Main.storyboard */ = {
			isa = PBXVariantGroup;
			children = (
				FA98BA251F723A1D00671D7E /* Base */,
			);
			name = Main.storyboard;
			sourceTree = "<group>";
		};
		FA98BA291F723A1D00671D7E /* LaunchScreen.storyboard */ = {
			isa = PBXVariantGroup;
			children = (
				FA98BA2A1F723A1D00671D7E /* Base */,
			);
			name = LaunchScreen.storyboard;
			sourceTree = "<group>";
		};
/* End PBXVariantGroup section */

/* Begin XCBuildConfiguration section */
		FA98BA381F723A1D00671D7E /* Debug */ = {
			isa = XCBuildConfiguration;
			buildSettings = {
				ALWAYS_SEARCH_USER_PATHS = NO;
				CLANG_ANALYZER_NONNULL = YES;
				CLANG_ANALYZER_NUMBER_OBJECT_CONVERSION = YES_AGGRESSIVE;
				CLANG_CXX_LANGUAGE_STANDARD = "gnu++14";
				CLANG_CXX_LIBRARY = "libc++";
				CLANG_ENABLE_MODULES = YES;
				CLANG_ENABLE_OBJC_ARC = YES;
				CLANG_WARN_BLOCK_CAPTURE_AUTORELEASING = YES;
				CLANG_WARN_BOOL_CONVERSION = YES;
				CLANG_WARN_COMMA = YES;
				CLANG_WARN_CONSTANT_CONVERSION = YES;
				CLANG_WARN_DIRECT_OBJC_ISA_USAGE = YES_ERROR;
				CLANG_WARN_DOCUMENTATION_COMMENTS = YES;
				CLANG_WARN_EMPTY_BODY = YES;
				CLANG_WARN_ENUM_CONVERSION = YES;
				CLANG_WARN_INFINITE_RECURSION = YES;
				CLANG_WARN_INT_CONVERSION = YES;
				CLANG_WARN_NON_LITERAL_NULL_CONVERSION = YES;
				CLANG_WARN_OBJC_LITERAL_CONVERSION = YES;
				CLANG_WARN_OBJC_ROOT_CLASS = YES_ERROR;
				CLANG_WARN_RANGE_LOOP_ANALYSIS = YES;
				CLANG_WARN_STRICT_PROTOTYPES = YES;
				CLANG_WARN_SUSPICIOUS_MOVE = YES;
				CLANG_WARN_UNGUARDED_AVAILABILITY = YES_AGGRESSIVE;
				CLANG_WARN_UNREACHABLE_CODE = YES;
				CLANG_WARN__DUPLICATE_METHOD_MATCH = YES;
				CODE_SIGN_IDENTITY = "iPhone Developer";
				COPY_PHASE_STRIP = NO;
				DEBUG_INFORMATION_FORMAT = dwarf;
				ENABLE_STRICT_OBJC_MSGSEND = YES;
				ENABLE_TESTABILITY = YES;
				GCC_C_LANGUAGE_STANDARD = gnu11;
				GCC_DYNAMIC_NO_PIC = NO;
				GCC_NO_COMMON_BLOCKS = YES;
				GCC_OPTIMIZATION_LEVEL = 0;
				GCC_PREPROCESSOR_DEFINITIONS = (
					"DEBUG=1",
					"$(inherited)",
				);
				GCC_WARN_64_TO_32_BIT_CONVERSION = YES;
				GCC_WARN_ABOUT_RETURN_TYPE = YES_ERROR;
				GCC_WARN_UNDECLARED_SELECTOR = YES;
				GCC_WARN_UNINITIALIZED_AUTOS = YES_AGGRESSIVE;
				GCC_WARN_UNUSED_FUNCTION = YES;
				GCC_WARN_UNUSED_VARIABLE = YES;
				IPHONEOS_DEPLOYMENT_TARGET = 11.0;
				MTL_ENABLE_DEBUG_INFO = YES;
				ONLY_ACTIVE_ARCH = YES;
				SDKROOT = iphoneos;
				SWIFT_ACTIVE_COMPILATION_CONDITIONS = DEBUG;
				SWIFT_OPTIMIZATION_LEVEL = "-Onone";
			};
			name = Debug;
		};
		FA98BA391F723A1D00671D7E /* Release */ = {
			isa = XCBuildConfiguration;
			buildSettings = {
				ALWAYS_SEARCH_USER_PATHS = NO;
				CLANG_ANALYZER_NONNULL = YES;
				CLANG_ANALYZER_NUMBER_OBJECT_CONVERSION = YES_AGGRESSIVE;
				CLANG_CXX_LANGUAGE_STANDARD = "gnu++14";
				CLANG_CXX_LIBRARY = "libc++";
				CLANG_ENABLE_MODULES = YES;
				CLANG_ENABLE_OBJC_ARC = YES;
				CLANG_WARN_BLOCK_CAPTURE_AUTORELEASING = YES;
				CLANG_WARN_BOOL_CONVERSION = YES;
				CLANG_WARN_COMMA = YES;
				CLANG_WARN_CONSTANT_CONVERSION = YES;
				CLANG_WARN_DIRECT_OBJC_ISA_USAGE = YES_ERROR;
				CLANG_WARN_DOCUMENTATION_COMMENTS = YES;
				CLANG_WARN_EMPTY_BODY = YES;
				CLANG_WARN_ENUM_CONVERSION = YES;
				CLANG_WARN_INFINITE_RECURSION = YES;
				CLANG_WARN_INT_CONVERSION = YES;
				CLANG_WARN_NON_LITERAL_NULL_CONVERSION = YES;
				CLANG_WARN_OBJC_LITERAL_CONVERSION = YES;
				CLANG_WARN_OBJC_ROOT_CLASS = YES_ERROR;
				CLANG_WARN_RANGE_LOOP_ANALYSIS = YES;
				CLANG_WARN_STRICT_PROTOTYPES = YES;
				CLANG_WARN_SUSPICIOUS_MOVE = YES;
				CLANG_WARN_UNGUARDED_AVAILABILITY = YES_AGGRESSIVE;
				CLANG_WARN_UNREACHABLE_CODE = YES;
				CLANG_WARN__DUPLICATE_METHOD_MATCH = YES;
				CODE_SIGN_IDENTITY = "iPhone Developer";
				COPY_PHASE_STRIP = NO;
				DEBUG_INFORMATION_FORMAT = "dwarf-with-dsym";
				ENABLE_NS_ASSERTIONS = NO;
				ENABLE_STRICT_OBJC_MSGSEND = YES;
				GCC_C_LANGUAGE_STANDARD = gnu11;
				GCC_NO_COMMON_BLOCKS = YES;
				GCC_WARN_64_TO_32_BIT_CONVERSION = YES;
				GCC_WARN_ABOUT_RETURN_TYPE = YES_ERROR;
				GCC_WARN_UNDECLARED_SELECTOR = YES;
				GCC_WARN_UNINITIALIZED_AUTOS = YES_AGGRESSIVE;
				GCC_WARN_UNUSED_FUNCTION = YES;
				GCC_WARN_UNUSED_VARIABLE = YES;
				IPHONEOS_DEPLOYMENT_TARGET = 11.0;
				MTL_ENABLE_DEBUG_INFO = NO;
				SDKROOT = iphoneos;
				SWIFT_OPTIMIZATION_LEVEL = "-Owholemodule";
				VALIDATE_PRODUCT = YES;
			};
			name = Release;
		};
		FA98BA3B1F723A1D00671D7E /* Debug */ = {
			isa = XCBuildConfiguration;
			buildSettings = {
				ASSETCATALOG_COMPILER_APPICON_NAME = AppIcon;
				CODE_SIGN_STYLE = Automatic;
				DEVELOPMENT_TEAM = QXPJZMLYGP;
				INFOPLIST_FILE = Example/Info.plist;
				LD_RUNPATH_SEARCH_PATHS = "$(inherited) @executable_path/Frameworks";
				PRODUCT_BUNDLE_IDENTIFIER = com.fumikoi.Rendezvous.Example;
				PRODUCT_NAME = "$(TARGET_NAME)";
				SWIFT_VERSION = 4.0;
				TARGETED_DEVICE_FAMILY = "1,2";
			};
			name = Debug;
		};
		FA98BA3C1F723A1D00671D7E /* Release */ = {
			isa = XCBuildConfiguration;
			buildSettings = {
				ASSETCATALOG_COMPILER_APPICON_NAME = AppIcon;
				CODE_SIGN_STYLE = Automatic;
				DEVELOPMENT_TEAM = QXPJZMLYGP;
				INFOPLIST_FILE = Example/Info.plist;
				LD_RUNPATH_SEARCH_PATHS = "$(inherited) @executable_path/Frameworks";
				PRODUCT_BUNDLE_IDENTIFIER = com.fumikoi.Rendezvous.Example;
				PRODUCT_NAME = "$(TARGET_NAME)";
				SWIFT_VERSION = 4.0;
				TARGETED_DEVICE_FAMILY = "1,2";
			};
			name = Release;
		};
		FA98BA3E1F723A1D00671D7E /* Debug */ = {
			isa = XCBuildConfiguration;
			buildSettings = {
				ALWAYS_EMBED_SWIFT_STANDARD_LIBRARIES = YES;
				BUNDLE_LOADER = "$(TEST_HOST)";
				CODE_SIGN_STYLE = Automatic;
				DEVELOPMENT_TEAM = QXPJZMLYGP;
				INFOPLIST_FILE = ExampleTests/Info.plist;
				LD_RUNPATH_SEARCH_PATHS = "$(inherited) @executable_path/Frameworks @loader_path/Frameworks";
				PRODUCT_BUNDLE_IDENTIFIER = com.fumikoi.Rendezvous.ExampleTests;
				PRODUCT_NAME = "$(TARGET_NAME)";
				SWIFT_VERSION = 4.0;
				TARGETED_DEVICE_FAMILY = "1,2";
				TEST_HOST = "$(BUILT_PRODUCTS_DIR)/Example.app/Example";
			};
			name = Debug;
		};
		FA98BA3F1F723A1D00671D7E /* Release */ = {
			isa = XCBuildConfiguration;
			buildSettings = {
				ALWAYS_EMBED_SWIFT_STANDARD_LIBRARIES = YES;
				BUNDLE_LOADER = "$(TEST_HOST)";
				CODE_SIGN_STYLE = Automatic;
				DEVELOPMENT_TEAM = QXPJZMLYGP;
				INFOPLIST_FILE = ExampleTests/Info.plist;
				LD_RUNPATH_SEARCH_PATHS = "$(inherited) @executable_path/Frameworks @loader_path/Frameworks";
				PRODUCT_BUNDLE_IDENTIFIER = com.fumikoi.Rendezvous.ExampleTests;
				PRODUCT_NAME = "$(TARGET_NAME)";
				SWIFT_VERSION = 4.0;
				TARGETED_DEVICE_FAMILY = "1,2";
				TEST_HOST = "$(BUILT_PRODUCTS_DIR)/Example.app/Example";
			};
			name = Release;
		};
/* End XCBuildConfiguration section */

/* Begin XCConfigurationList section */
		FA98BA181F723A1D00671D7E /* Build configuration list for PBXProject "Example" */ = {
			isa = XCConfigurationList;
			buildConfigurations = (
				FA98BA381F723A1D00671D7E /* Debug */,
				FA98BA391F723A1D00671D7E /* Release */,
			);
			defaultConfigurationIsVisible = 0;
			defaultConfigurationName = Release;
		};
		FA98BA3A1F723A1D00671D7E /* Build configuration list for PBXNativeTarget "Example" */ = {
			isa = XCConfigurationList;
			buildConfigurations = (
				FA98BA3B1F723A1D00671D7E /* Debug */,
				FA98BA3C1F723A1D00671D7E /* Release */,
			);
			defaultConfigurationIsVisible = 0;
			defaultConfigurationName = Release;
		};
		FA98BA3D1F723A1D00671D7E /* Build configuration list for PBXNativeTarget "ExampleTests" */ = {
			isa = XCConfigurationList;
			buildConfigurations = (
				FA98BA3E1F723A1D00671D7E /* Debug */,
				FA98BA3F1F723A1D00671D7E /* Release */,
			);
			defaultConfigurationIsVisible = 0;
			defaultConfigurationName = Release;
		};
/* End XCConfigurationList section */
	};
	rootObject = FA98BA151F723A1D00671D7E /* Project object */;
}
